<?xml version="1.0" encoding="utf-8"?>
<Project ToolsVersion="4.0" xmlns="http://schemas.microsoft.com/developer/msbuild/2003">
  <ItemGroup>
    <Filter Include="Source Files">
      <UniqueIdentifier>{4FC737F1-C7A5-4376-A066-2A32D752A2FF}</UniqueIdentifier>
      <Extensions>cpp;c;cc;cxx;def;odl;idl;hpj;bat;asm;asmx</Extensions>
    </Filter>
    <Filter Include="Shaders">
      <UniqueIdentifier>{0c61d871-13b8-4eb2-933c-1246f4a635ba}</UniqueIdentifier>
    </Filter>
    <Filter Include="Header Files">
      <UniqueIdentifier>{93995380-89BD-4b04-88EB-625FBE52EBFB}</UniqueIdentifier>
      <Extensions>h;hpp;hxx;hm;inl;inc;xsd</Extensions>
    </Filter>
    <Filter Include="Common">
      <UniqueIdentifier>{ee166237-a1f8-4c9c-bbff-49f3268331ef}</UniqueIdentifier>
    </Filter>
    <Filter Include="DXUT">
      <UniqueIdentifier>{ae755be7-5b86-476f-8f40-63fb6e93b54c}</UniqueIdentifier>
    </Filter>
    <Filter Include="AssetPipeline">
      <UniqueIdentifier>{c72643d7-7e15-4676-a5db-1e5fcb23ff46}</UniqueIdentifier>
    </Filter>
  </ItemGroup>
  <ItemGroup>
    <ClCompile Include="DXFramework.cpp">
      <Filter>Source Files</Filter>
    </ClCompile>
    <ClCompile Include="..\DXUT\DDSTextureLoader.cpp">
      <Filter>DXUT</Filter>
    </ClCompile>
    <ClCompile Include="..\DXUT\SDKmesh.cpp">
      <Filter>DXUT</Filter>
    </ClCompile>
    <ClCompile Include="WavefrontObj.cpp">
      <Filter>AssetPipeline</Filter>
    </ClCompile>
    <ClCompile Include="RendererDXF.cpp">
      <Filter>Source Files</Filter>
    </ClCompile>
    <ClCompile Include="ResourceDXF.cpp">
      <Filter>Source Files</Filter>
    </ClCompile>
    <ClCompile Include="SamplerDXF.cpp">
      <Filter>Source Files</Filter>
    </ClCompile>
    <ClCompile Include="ShaderDXF.cpp">
      <Filter>Source Files</Filter>
    </ClCompile>
    <ClCompile Include="UtilsDXF.cpp">
      <Filter>Source Files</Filter>
    </ClCompile>
    <ClCompile Include="WindowDXF.cpp">
      <Filter>Source Files</Filter>
    </ClCompile>
  </ItemGroup>
  <ItemGroup>
    <ClInclude Include="..\DXUT\DDSTextureLoader.h">
      <Filter>DXUT</Filter>
    </ClInclude>
    <ClInclude Include="..\DXUT\SDKmesh.h">
      <Filter>DXUT</Filter>
    </ClInclude>
    <ClInclude Include="WavefrontObj.h">
      <Filter>AssetPipeline</Filter>
    </ClInclude>
    <ClInclude Include="DXFCommon.h">
      <Filter>Common</Filter>
    </ClInclude>
    <ClInclude Include="AssetDXF.h">
      <Filter>Header Files</Filter>
    </ClInclude>
    <ClInclude Include="EventsDXF.h">
      <Filter>Common</Filter>
    </ClInclude>
    <ClInclude Include="RendererDXF.h">
      <Filter>Header Files</Filter>
    </ClInclude>
    <ClInclude Include="ResourceDXF.h">
      <Filter>Header Files</Filter>
    </ClInclude>
    <ClInclude Include="SamplerDXF.h">
      <Filter>Header Files</Filter>
    </ClInclude>
    <ClInclude Include="ShaderDXF.h">
      <Filter>Header Files</Filter>
    </ClInclude>
    <ClInclude Include="UtilsDXF.h">
      <Filter>Header Files</Filter>
    </ClInclude>
    <ClInclude Include="WindowDXF.h">
      <Filter>Header Files</Filter>
    </ClInclude>
  </ItemGroup>
  <ItemGroup>
    <FxCompile Include="Simple.fx">
      <Filter>Shaders</Filter>
    </FxCompile>
    <FxCompile Include="Simple_PS.hlsl">
      <Filter>Shaders</Filter>
    </FxCompile>
    <FxCompile Include="Simple_VS.hlsl">
      <Filter>Shaders</Filter>
    </FxCompile>
  </ItemGroup>
</Project>